PODS:
  - AFNetworking (4.0.1):
    - AFNetworking/NSURLSession (= 4.0.1)
    - AFNetworking/Reachability (= 4.0.1)
    - AFNetworking/Security (= 4.0.1)
    - AFNetworking/Serialization (= 4.0.1)
    - AFNetworking/UIKit (= 4.0.1)
  - AFNetworking/NSURLSession (4.0.1):
    - AFNetworking/Reachability
    - AFNetworking/Security
    - AFNetworking/Serialization
  - AFNetworking/Reachability (4.0.1)
  - AFNetworking/Security (4.0.1)
  - AFNetworking/Serialization (4.0.1)
  - AFNetworking/UIKit (4.0.1):
    - AFNetworking/NSURLSession
  - CocoaAsyncSocket (7.6.5)
  - MJExtension (3.2.2)
  - Protobuf (3.14.0)
  - ReactiveObjC (3.1.1)
  - SWKit (1.2.1):
    - AFNetworking

DEPENDENCIES:
  - CocoaAsyncSocket
  - MJExtension
  - Protobuf
  - ReactiveObjC
  - SWKit

SPEC REPOS:
  trunk:
    - AFNetworking
    - CocoaAsyncSocket
    - MJExtension
    - Protobuf
    - ReactiveObjC
    - SWKit

SPEC CHECKSUMS:
  AFNetworking: 7864c38297c79aaca1500c33288e429c3451fdce
  CocoaAsyncSocket: 065fd1e645c7abab64f7a6a2007a48038fdc6a99
  MJExtension: d9b9c74cbdeb724c1e9ecbb157b318276e62e876
  Protobuf: 0cde852566359049847168e51bd1c690e0f70056
  ReactiveObjC: 011caa393aa0383245f2dcf9bf02e86b80b36040
  SWKit: 120f3e4e2f5adfcbfe6d8931a709b83a5be020ae

PODFILE CHECKSUM: 8b9cf0b530559b0aeabe9898d0eae77d0d17a894

COCOAPODS: 1.10.0
